Microsoft Visual Studio Solution File, Format Version 12.00
# Visual Studio Version 17
VisualStudioVersion = 17.5.2.0
MinimumVisualStudioVersion = 10.0.40219.1
Project("{FAE04EC0-301F-11D3-BF4B-00C04F79EFBC}") = "Fair.Api", "Fair.Api\Fair.Api.csproj", "{6FA3D0A1-16AE-0B31-1169-D11F7A00AA08}"
EndProject
Global
	GlobalSection(SolutionConfigurationPlatforms) = preSolution
		Debug|Any CPU = Debug|Any CPU
		Release|Any CPU = Release|Any CPU
	EndGlobalSection
	GlobalSection(ProjectConfigurationPlatforms) = postSolution
		{6FA3D0A1-16AE-0B31-1169-D11F7A00AA08}.Debug|Any CPU.ActiveCfg = Debug|Any CPU
		{6FA3D0A1-16AE-0B31-1169-D11F7A00AA08}.Debug|Any CPU.Build.0 = Debug|Any CPU
		{6FA3D0A1-16AE-0B31-1169-D11F7A00AA08}.Release|Any CPU.ActiveCfg = Release|Any CPU
		{6FA3D0A1-16AE-0B31-1169-D11F7A00AA08}.Release|Any CPU.Build.0 = Release|Any CPU
	EndGlobalSection
	GlobalSection(SolutionProperties) = preSolution
		HideSolutionNode = FALSE
	EndGlobalSection
	GlobalSection(ExtensibilityGlobals) = postSolution
		SolutionGuid = {9779E37A-1CA1-4925-9A56-622DFD749C2F}
	EndGlobalSection
EndGlobal
